// !$*UTF8*$!
{
	archiveVersion = 1;
	classes = {
	};
	objectVersion = 77;
	objects = {

/* Begin PBXBuildFile section */
		DB6884182DB724450054F00E /* GoogleMaps in Frameworks */ = {isa = PBXBuildFile; productRef = DB6884172DB724450054F00E /* GoogleMaps */; };
/* End PBXBuildFile section */

/* Begin PBXContainerItemProxy section */
		DB68831E2DB66BB30054F00E /* PBXContainerItemProxy */ = {
			isa = PBXContainerItemProxy;
			containerPortal = DB6883072DB66BB00054F00E /* Project object */;
			proxyType = 1;
			remoteGlobalIDString = DB68830E2DB66BB00054F00E;
			remoteInfo = Naufalp5;
		};
		DB6883282DB66BB30054F00E /* PBXContainerItemProxy */ = {
			isa = PBXContainerItemProxy;
			containerPortal = DB6883072DB66BB00054F00E /* Project object */;
			proxyType = 1;
			remoteGlobalIDString = DB68830E2DB66BB00054F00E;
			remoteInfo = Naufalp5;
		};
/* End PBXContainerItemProxy section */

/* Begin PBXFileReference section */
		DB68830F2DB66BB00054F00E /* Naufalp5.app */ = {isa = PBXFileReference; explicitFileType = wrapper.application; includeInIndex = 0; path = Naufalp5.app; sourceTree = BUILT_PRODUCTS_DIR; };
		DB68831D2DB66BB30054F00E /* Naufalp5Tests.xctest */ = {isa = PBXFileReference; explicitFileType = wrapper.cfbundle; includeInIndex = 0; path = Naufalp5Tests.xctest; sourceTree = BUILT_PRODUCTS_DIR; };
		DB6883272DB66BB30054F00E /* Naufalp5UITests.xctest */ = {isa = PBXFileReference; explicitFileType = wrapper.cfbundle; includeInIndex = 0; path = Naufalp5UITests.xctest; sourceTree = BUILT_PRODUCTS_DIR; };
		DB6883742DB717D00054F00E /* ios-maps-sdk-main */ = {isa = PBXFileReference; lastKnownFileType = wrapper; name = "ios-maps-sdk-main"; path = "../../../../Downloads/ios-maps-sdk-main"; sourceTree = "<group>"; };
/* End PBXFileReference section */

/* Begin PBXFileSystemSynchronizedRootGroup section */
		DB6883112DB66BB00054F00E /* Naufalp5 */ = {
			isa = PBXFileSystemSynchronizedRootGroup;
			path = Naufalp5;
			sourceTree = "<group>";
		};
		DB6883202DB66BB30054F00E /* Naufalp5Tests */ = {
			isa = PBXFileSystemSynchronizedRootGroup;
			path = Naufalp5Tests;
			sourceTree = "<group>";
		};
		DB68832A2DB66BB30054F00E /* Naufalp5UITests */ = {
			isa = PBXFileSystemSynchronizedRootGroup;
			path = Naufalp5UITests;
			sourceTree = "<group>";
		};
/* End PBXFileSystemSynchronizedRootGroup section */

/* Begin PBXFrameworksBuildPhase section */
		DB68830C2DB66BB00054F00E /* Frameworks */ = {
			isa = PBXFrameworksBuildPhase;
			buildActionMask = 2147483647;
			files = (
				DB6884182DB724450054F00E /* GoogleMaps in Frameworks */,
			);
			runOnlyForDeploymentPostprocessing = 0;
		};
		DB68831A2DB66BB30054F00E /* Frameworks */ = {
			isa = PBXFrameworksBuildPhase;
			buildActionMask = 2147483647;
			files = (
			);
			runOnlyForDeploymentPostprocessing = 0;
		};
		DB6883242DB66BB30054F00E /* Frameworks */ = {
			isa = PBXFrameworksBuildPhase;
			buildActionMask = 2147483647;
			files = (
			);
			runOnlyForDeploymentPostprocessing = 0;
		};
/* End PBXFrameworksBuildPhase section */

/* Begin PBXGroup section */
		DB6883062DB66BB00054F00E = {
			isa = PBXGroup;
			children = (
				DB6883112DB66BB00054F00E /* Naufalp5 */,
				DB6883202DB66BB30054F00E /* Naufalp5Tests */,
				DB68832A2DB66BB30054F00E /* Naufalp5UITests */,
				DB6883482DB711710054F00E /* Frameworks */,
				DB6883102DB66BB00054F00E /* Products */,
			);
			sourceTree = "<group>";
		};
		DB6883102DB66BB00054F00E /* Products */ = {
			isa = PBXGroup;
			children = (
				DB68830F2DB66BB00054F00E /* Naufalp5.app */,
				DB68831D2DB66BB30054F00E /* Naufalp5Tests.xctest */,
				DB6883272DB66BB30054F00E /* Naufalp5UITests.xctest */,
			);
			name = Products;
			sourceTree = "<group>";
		};
		DB6883482DB711710054F00E /* Frameworks */ = {
			isa = PBXGroup;
			children = (
				DB6883742DB717D00054F00E /* ios-maps-sdk-main */,
			);
			name = Frameworks;
			sourceTree = "<group>";
		};
/* End PBXGroup section */

/* Begin PBXNativeTarget section */
		DB68830E2DB66BB00054F00E /* Naufalp5 */ = {
			isa = PBXNativeTarget;
			buildConfigurationList = DB6883312DB66BB30054F00E /* Build configuration list for PBXNativeTarget "Naufalp5" */;
			buildPhases = (
				DB68830B2DB66BB00054F00E /* Sources */,
				DB68830C2DB66BB00054F00E /* Frameworks */,
				DB68830D2DB66BB00054F00E /* Resources */,
			);
			buildRules = (
			);
			dependencies = (
			);
			fileSystemSynchronizedGroups = (
				DB6883112DB66BB00054F00E /* Naufalp5 */,
			);
			name = Naufalp5;
			packageProductDependencies = (
				DB6884172DB724450054F00E /* GoogleMaps */,
			);
			productName = Naufalp5;
			productReference = DB68830F2DB66BB00054F00E /* Naufalp5.app */;
			productType = "com.apple.product-type.application";
		};
		DB68831C2DB66BB30054F00E /* Naufalp5Tests */ = {
			isa = PBXNativeTarget;
			buildConfigurationList = DB6883342DB66BB30054F00E /* Build configuration list for PBXNativeTarget "Naufalp5Tests" */;
			buildPhases = (
				DB6883192DB66BB30054F00E /* Sources */,
				DB68831A2DB66BB30054F00E /* Frameworks */,
				DB68831B2DB66BB30054F00E /* Resources */,
			);
			buildRules = (
			);
			dependencies = (
				DB68831F2DB66BB30054F00E /* PBXTargetDependency */,
			);
			fileSystemSynchronizedGroups = (
				DB6883202DB66BB30054F00E /* Naufalp5Tests */,
			);
			name = Naufalp5Tests;
			packageProductDependencies = (
			);
			productName = Naufalp5Tests;
			productReference = DB68831D2DB66BB30054F00E /* Naufalp5Tests.xctest */;
			productType = "com.apple.product-type.bundle.unit-test";
		};
		DB6883262DB66BB30054F00E /* Naufalp5UITests */ = {
			isa = PBXNativeTarget;
			buildConfigurationList = DB6883372DB66BB30054F00E /* Build configuration list for PBXNativeTarget "Naufalp5UITests" */;
			buildPhases = (
				DB6883232DB66BB30054F00E /* Sources */,
				DB6883242DB66BB30054F00E /* Frameworks */,
				DB6883252DB66BB30054F00E /* Resources */,
			);
			buildRules = (
			);
			dependencies = (
				DB6883292DB66BB30054F00E /* PBXTargetDependency */,
			);
			fileSystemSynchronizedGroups = (
				DB68832A2DB66BB30054F00E /* Naufalp5UITests */,
			);
			name = Naufalp5UITests;
			packageProductDependencies = (
			);
			productName = Naufalp5UITests;
			productReference = DB6883272DB66BB30054F00E /* Naufalp5UITests.xctest */;
			productType = "com.apple.product-type.bundle.ui-testing";
		};
/* End PBXNativeTarget section */

/* Begin PBXProject section */
		DB6883072DB66BB00054F00E /* Project object */ = {
			isa = PBXProject;
			attributes = {
				BuildIndependentTargetsInParallel = 1;
				LastSwiftUpdateCheck = 1630;
				LastUpgradeCheck = 1630;
				TargetAttributes = {
					DB68830E2DB66BB00054F00E = {
						CreatedOnToolsVersion = 16.3;
					};
					DB68831C2DB66BB30054F00E = {
						CreatedOnToolsVersion = 16.3;
						TestTargetID = DB68830E2DB66BB00054F00E;
					};
					DB6883262DB66BB30054F00E = {
						CreatedOnToolsVersion = 16.3;
						TestTargetID = DB68830E2DB66BB00054F00E;
					};
				};
			};
			buildConfigurationList = DB68830A2DB66BB00054F00E /* Build configuration list for PBXProject "Naufalp5" */;
			developmentRegion = en;
			hasScannedForEncodings = 0;
			knownRegions = (
				en,
				Base,
			);
			mainGroup = DB6883062DB66BB00054F00E;
			minimizedProjectReferenceProxies = 1;
			packageReferences = (
				DB6883752DB7182F0054F00E /* XCLocalSwiftPackageReference "../../../../Downloads/ios-maps-sdk-main" */,
			);
			preferredProjectObjectVersion = 77;
			productRefGroup = DB6883102DB66BB00054F00E /* Products */;
			projectDirPath = "";
			projectRoot = "";
			targets = (
				DB68830E2DB66BB00054F00E /* Naufalp5 */,
				DB68831C2DB66BB30054F00E /* Naufalp5Tests */,
				DB6883262DB66BB30054F00E /* Naufalp5UITests */,
			);
		};
/* End PBXProject section */

/* Begin PBXResourcesBuildPhase section */
		DB68830D2DB66BB00054F00E /* Resources */ = {
			isa = PBXResourcesBuildPhase;
			buildActionMask = 2147483647;
			files = (
			);
			runOnlyForDeploymentPostprocessing = 0;
		};
		DB68831B2DB66BB30054F00E /* Resources */ = {
			isa = PBXResourcesBuildPhase;
			buildActionMask = 2147483647;
			files = (
			);
			runOnlyForDeploymentPostprocessing = 0;
		};
		DB6883252DB66BB30054F00E /* Resources */ = {
			isa = PBXResourcesBuildPhase;
			buildActionMask = 2147483647;
			files = (
			);
			runOnlyForDeploymentPostprocessing = 0;
		};
/* End PBXResourcesBuildPhase section */

/* Begin PBXSourcesBuildPhase section */
		DB68830B2DB66BB00054F00E /* Sources */ = {
			isa = PBXSourcesBuildPhase;
			buildActionMask = 2147483647;
			files = (
			);
			runOnlyForDeploymentPostprocessing = 0;
		};
		DB6883192DB66BB30054F00E /* Sources */ = {
			isa = PBXSourcesBuildPhase;
			buildActionMask = 2147483647;
			files = (
			);
			runOnlyForDeploymentPostprocessing = 0;
		};
		DB6883232DB66BB30054F00E /* Sources */ = {
			isa = PBXSourcesBuildPhase;
			buildActionMask = 2147483647;
			files = (
			);
			runOnlyForDeploymentPostprocessing = 0;
		};
/* End PBXSourcesBuildPhase section */

/* Begin PBXTargetDependency section */
		DB68831F2DB66BB30054F00E /* PBXTargetDependency */ = {
			isa = PBXTargetDependency;
			target = DB68830E2DB66BB00054F00E /* Naufalp5 */;
			targetProxy = DB68831E2DB66BB30054F00E /* PBXContainerItemProxy */;
		};
		DB6883292DB66BB30054F00E /* PBXTargetDependency */ = {
			isa = PBXTargetDependency;
			target = DB68830E2DB66BB00054F00E /* Naufalp5 */;
			targetProxy = DB6883282DB66BB30054F00E /* PBXContainerItemProxy */;
		};
/* End PBXTargetDependency section */

/* Begin XCBuildConfiguration section */
		DB68832F2DB66BB30054F00E /* Debug */ = {
			isa = XCBuildConfiguration;
			buildSettings = {
				ALWAYS_SEARCH_USER_PATHS = NO;
				ASSETCATALOG_COMPILER_GENERATE_SWIFT_ASSET_SYMBOL_EXTENSIONS = YES;
				CLANG_ANALYZER_NONNULL = YES;
				CLANG_ANALYZER_NUMBER_OBJECT_CONVERSION = YES_AGGRESSIVE;
				CLANG_CXX_LANGUAGE_STANDARD = "gnu++20";
				CLANG_ENABLE_MODULES = YES;
				CLANG_ENABLE_OBJC_ARC = YES;
				CLANG_ENABLE_OBJC_WEAK = YES;
				CLANG_WARN_BLOCK_CAPTURE_AUTORELEASING = YES;
				CLANG_WARN_BOOL_CONVERSION = YES;
				CLANG_WARN_COMMA = YES;
				CLANG_WARN_CONSTANT_CONVERSION = YES;
				CLANG_WARN_DEPRECATED_OBJC_IMPLEMENTATIONS = YES;
				CLANG_WARN_DIRECT_OBJC_ISA_USAGE = YES_ERROR;
				CLANG_WARN_DOCUMENTATION_COMMENTS = YES;
				CLANG_WARN_EMPTY_BODY = YES;
				CLANG_WARN_ENUM_CONVERSION = YES;
				CLANG_WARN_INFINITE_RECURSION = YES;
				CLANG_WARN_INT_CONVERSION = YES;
				CLANG_WARN_NON_LITERAL_NULL_CONVERSION = YES;
				CLANG_WARN_OBJC_IMPLICIT_RETAIN_SELF = YES;
				CLANG_WARN_OBJC_LITERAL_CONVERSION = YES;
				CLANG_WARN_OBJC_ROOT_CLASS = YES_ERROR;
				CLANG_WARN_QUOTED_INCLUDE_IN_FRAMEWORK_HEADER = YES;
				CLANG_WARN_RANGE_LOOP_ANALYSIS = YES;
				CLANG_WARN_STRICT_PROTOTYPES = YES;
				CLANG_WARN_SUSPICIOUS_MOVE = YES;
				CLANG_WARN_UNGUARDED_AVAILABILITY = YES_AGGRESSIVE;
				CLANG_WARN_UNREACHABLE_CODE = YES;
				CLANG_WARN__DUPLICATE_METHOD_MATCH = YES;
				COPY_PHASE_STRIP = NO;
				DEBUG_INFORMATION_FORMAT = dwarf;
				ENABLE_STRICT_OBJC_MSGSEND = YES;
				ENABLE_TESTABILITY = YES;
				ENABLE_USER_SCRIPT_SANDBOXING = YES;
				GCC_C_LANGUAGE_STANDARD = gnu17;
				GCC_DYNAMIC_NO_PIC = NO;
				GCC_NO_COMMON_BLOCKS = YES;
				GCC_OPTIMIZATION_LEVEL = 0;
				GCC_PREPROCESSOR_DEFINITIONS = (
					"DEBUG=1",
					"$(inherited)",
				);
				GCC_WARN_64_TO_32_BIT_CONVERSION = YES;
				GCC_WARN_ABOUT_RETURN_TYPE = YES_ERROR;
				GCC_WARN_UNDECLARED_SELECTOR = YES;
				GCC_WARN_UNINITIALIZED_AUTOS = YES_AGGRESSIVE;
				GCC_WARN_UNUSED_FUNCTION = YES;
				GCC_WARN_UNUSED_VARIABLE = YES;
				LOCALIZATION_PREFERS_STRING_CATALOGS = YES;
				MTL_ENABLE_DEBUG_INFO = INCLUDE_SOURCE;
				MTL_FAST_MATH = YES;
				ONLY_ACTIVE_ARCH = YES;
				SWIFT_ACTIVE_COMPILATION_CONDITIONS = "DEBUG $(inherited)";
				SWIFT_OPTIMIZATION_LEVEL = "-Onone";
			};
			name = Debug;
		};
		DB6883302DB66BB30054F00E /* Release */ = {
			isa = XCBuildConfiguration;
			buildSettings = {
				ALWAYS_SEARCH_USER_PATHS = NO;
				ASSETCATALOG_COMPILER_GENERATE_SWIFT_ASSET_SYMBOL_EXTENSIONS = YES;
				CLANG_ANALYZER_NONNULL = YES;
				CLANG_ANALYZER_NUMBER_OBJECT_CONVERSION = YES_AGGRESSIVE;
				CLANG_CXX_LANGUAGE_STANDARD = "gnu++20";
				CLANG_ENABLE_MODULES = YES;
				CLANG_ENABLE_OBJC_ARC = YES;
				CLANG_ENABLE_OBJC_WEAK = YES;
				CLANG_WARN_BLOCK_CAPTURE_AUTORELEASING = YES;
				CLANG_WARN_BOOL_CONVERSION = YES;
				CLANG_WARN_COMMA = YES;
				CLANG_WARN_CONSTANT_CONVERSION = YES;
				CLANG_WARN_DEPRECATED_OBJC_IMPLEMENTATIONS = YES;
				CLANG_WARN_DIRECT_OBJC_ISA_USAGE = YES_ERROR;
				CLANG_WARN_DOCUMENTATION_COMMENTS = YES;
				CLANG_WARN_EMPTY_BODY = YES;
				CLANG_WARN_ENUM_CONVERSION = YES;
				CLANG_WARN_INFINITE_RECURSION = YES;
				CLANG_WARN_INT_CONVERSION = YES;
				CLANG_WARN_NON_LITERAL_NULL_CONVERSION = YES;
				CLANG_WARN_OBJC_IMPLICIT_RETAIN_SELF = YES;
				CLANG_WARN_OBJC_LITERAL_CONVERSION = YES;
				CLANG_WARN_OBJC_ROOT_CLASS = YES_ERROR;
				CLANG_WARN_QUOTED_INCLUDE_IN_FRAMEWORK_HEADER = YES;
				CLANG_WARN_RANGE_LOOP_ANALYSIS = YES;
				CLANG_WARN_STRICT_PROTOTYPES = YES;
				CLANG_WARN_SUSPICIOUS_MOVE = YES;
				CLANG_WARN_UNGUARDED_AVAILABILITY = YES_AGGRESSIVE;
				CLANG_WARN_UNREACHABLE_CODE = YES;
				CLANG_WARN__DUPLICATE_METHOD_MATCH = YES;
				COPY_PHASE_STRIP = NO;
				DEBUG_INFORMATION_FORMAT = "dwarf-with-dsym";
				ENABLE_NS_ASSERTIONS = NO;
				ENABLE_STRICT_OBJC_MSGSEND = YES;
				ENABLE_USER_SCRIPT_SANDBOXING = YES;
				GCC_C_LANGUAGE_STANDARD = gnu17;
				GCC_NO_COMMON_BLOCKS = YES;
				GCC_WARN_64_TO_32_BIT_CONVERSION = YES;
				GCC_WARN_ABOUT_RETURN_TYPE = YES_ERROR;
				GCC_WARN_UNDECLARED_SELECTOR = YES;
				GCC_WARN_UNINITIALIZED_AUTOS = YES_AGGRESSIVE;
				GCC_WARN_UNUSED_FUNCTION = YES;
				GCC_WARN_UNUSED_VARIABLE = YES;
				LOCALIZATION_PREFERS_STRING_CATALOGS = YES;
				MTL_ENABLE_DEBUG_INFO = NO;
				MTL_FAST_MATH = YES;
				SWIFT_COMPILATION_MODE = wholemodule;
			};
			name = Release;
		};
		DB6883322DB66BB30054F00E /* Debug */ = {
			isa = XCBuildConfiguration;
			buildSettings = {
				ASSETCATALOG_COMPILER_APPICON_NAME = AppIcon;
				ASSETCATALOG_COMPILER_GLOBAL_ACCENT_COLOR_NAME = AccentColor;
				CODE_SIGN_ENTITLEMENTS = Naufalp5/Naufalp5.entitlements;
				CODE_SIGN_STYLE = Automatic;
				CURRENT_PROJECT_VERSION = 1;
				ENABLE_PREVIEWS = YES;
				GENERATE_INFOPLIST_FILE = YES;
				"INFOPLIST_KEY_UIApplicationSceneManifest_Generation[sdk=iphoneos*]" = YES;
				"INFOPLIST_KEY_UIApplicationSceneManifest_Generation[sdk=iphonesimulator*]" = YES;
				"INFOPLIST_KEY_UIApplicationSupportsIndirectInputEvents[sdk=iphoneos*]" = YES;
				"INFOPLIST_KEY_UIApplicationSupportsIndirectInputEvents[sdk=iphonesimulator*]" = YES;
				"INFOPLIST_KEY_UILaunchScreen_Generation[sdk=iphoneos*]" = YES;
				"INFOPLIST_KEY_UILaunchScreen_Generation[sdk=iphonesimulator*]" = YES;
				"INFOPLIST_KEY_UIStatusBarStyle[sdk=iphoneos*]" = UIStatusBarStyleDefault;
				"INFOPLIST_KEY_UIStatusBarStyle[sdk=iphonesimulator*]" = UIStatusBarStyleDefault;
				INFOPLIST_KEY_UISupportedInterfaceOrientations_iPad = "UIInterfaceOrientationPortrait UIInterfaceOrientationPortraitUpsideDown UIInterfaceOrientationLandscapeLeft UIInterfaceOrientationLandscapeRight";
				INFOPLIST_KEY_UISupportedInterfaceOrientations_iPhone = "UIInterfaceOrientationPortrait UIInterfaceOrientationLandscapeLeft UIInterfaceOrientationLandscapeRight";
				IPHONEOS_DEPLOYMENT_TARGET = 18.0;
				LD_RUNPATH_SEARCH_PATHS = "@executable_path/Frameworks";
				"LD_RUNPATH_SEARCH_PATHS[sdk=macosx*]" = "@executable_path/../Frameworks";
				MACOSX_DEPLOYMENT_TARGET = 15.4;
				MARKETING_VERSION = 1.0;
				OTHER_LDFLAGS = "-ObjC\n";
				PRODUCT_BUNDLE_IDENTIFIER = com.Naufalp5;
				PRODUCT_NAME = "$(TARGET_NAME)";
				REGISTER_APP_GROUPS = YES;
				SDKROOT = auto;
				SUPPORTED_PLATFORMS = "iphoneos iphonesimulator";
				SUPPORTS_MACCATALYST = NO;
				SWIFT_EMIT_LOC_STRINGS = YES;
				SWIFT_VERSION = 5.0;
				TARGETED_DEVICE_FAMILY = "1,2";
				XROS_DEPLOYMENT_TARGET = 2.4;
			};
			name = Debug;
		};
		DB6883332DB66BB30054F00E /* Release */ = {
			isa = XCBuildConfiguration;
			buildSettings = {
				ASSETCATALOG_COMPILER_APPICON_NAME = AppIcon;
				ASSETCATALOG_COMPILER_GLOBAL_ACCENT_COLOR_NAME = AccentColor;
				CODE_SIGN_ENTITLEMENTS = Naufalp5/Naufalp5.entitlements;
				CODE_SIGN_STYLE = Automatic;
				CURRENT_PROJECT_VERSION = 1;
				ENABLE_PREVIEWS = YES;
				GENERATE_INFOPLIST_FILE = YES;
				"INFOPLIST_KEY_UIApplicationSceneManifest_Generation[sdk=iphoneos*]" = YES;
				"INFOPLIST_KEY_UIApplicationSceneManifest_Generation[sdk=iphonesimulator*]" = YES;
				"INFOPLIST_KEY_UIApplicationSupportsIndirectInputEvents[sdk=iphoneos*]" = YES;
				"INFOPLIST_KEY_UIApplicationSupportsIndirectInputEvents[sdk=iphonesimulator*]" = YES;
				"INFOPLIST_KEY_UILaunchScreen_Generation[sdk=iphoneos*]" = YES;
				"INFOPLIST_KEY_UILaunchScreen_Generation[sdk=iphonesimulator*]" = YES;
				"INFOPLIST_KEY_UIStatusBarStyle[sdk=iphoneos*]" = UIStatusBarStyleDefault;
				"INFOPLIST_KEY_UIStatusBarStyle[sdk=iphonesimulator*]" = UIStatusBarStyleDefault;
				INFOPLIST_KEY_UISupportedInterfaceOrientations_iPad = "UIInterfaceOrientationPortrait UIInterfaceOrientationPortraitUpsideDown UIInterfaceOrientationLandscapeLeft UIInterfaceOrientationLandscapeRight";
				INFOPLIST_KEY_UISupportedInterfaceOrientations_iPhone = "UIInterfaceOrientationPortrait UIInterfaceOrientationLandscapeLeft UIInterfaceOrientationLandscapeRight";
				IPHONEOS_DEPLOYMENT_TARGET = 18.0;
				LD_RUNPATH_SEARCH_PATHS = "@executable_path/Frameworks";
				"LD_RUNPATH_SEARCH_PATHS[sdk=macosx*]" = "@executable_path/../Frameworks";
				MACOSX_DEPLOYMENT_TARGET = 15.4;
				MARKETING_VERSION = 1.0;
				OTHER_LDFLAGS = "-ObjC\n";
				PRODUCT_BUNDLE_IDENTIFIER = com.Naufalp5;
				PRODUCT_NAME = "$(TARGET_NAME)";
				REGISTER_APP_GROUPS = YES;
				SDKROOT = auto;
				SUPPORTED_PLATFORMS = "iphoneos iphonesimulator";
				SUPPORTS_MACCATALYST = NO;
				SWIFT_EMIT_LOC_STRINGS = YES;
				SWIFT_VERSION = 5.0;
				TARGETED_DEVICE_FAMILY = "1,2";
				XROS_DEPLOYMENT_TARGET = 2.4;
			};
			name = Release;
		};
		DB6883352DB66BB30054F00E /* Debug */ = {
			isa = XCBuildConfiguration;
			buildSettings = {
				BUNDLE_LOADER = "$(TEST_HOST)";
				CODE_SIGN_STYLE = Automatic;
				CURRENT_PROJECT_VERSION = 1;
				GENERATE_INFOPLIST_FILE = YES;
				IPHONEOS_DEPLOYMENT_TARGET = 18.4;
				MACOSX_DEPLOYMENT_TARGET = 15.4;
				MARKETING_VERSION = 1.0;
				PRODUCT_BUNDLE_IDENTIFIER = com.Naufalp5Tests;
				PRODUCT_NAME = "$(TARGET_NAME)";
				SDKROOT = auto;
				SUPPORTED_PLATFORMS = "iphoneos iphonesimulator macosx xros xrsimulator";
				SWIFT_EMIT_LOC_STRINGS = NO;
				SWIFT_VERSION = 5.0;
				TARGETED_DEVICE_FAMILY = "1,2,7";
				TEST_HOST = "$(BUILT_PRODUCTS_DIR)/Naufalp5.app/$(BUNDLE_EXECUTABLE_FOLDER_PATH)/Naufalp5";
				XROS_DEPLOYMENT_TARGET = 2.4;
			};
			name = Debug;
		};
		DB6883362DB66BB30054F00E /* Release */ = {
			isa = XCBuildConfiguration;
			buildSettings = {
				BUNDLE_LOADER = "$(TEST_HOST)";
				CODE_SIGN_STYLE = Automatic;
				CURRENT_PROJECT_VERSION = 1;
				GENERATE_INFOPLIST_FILE = YES;
				IPHONEOS_DEPLOYMENT_TARGET = 18.4;
				MACOSX_DEPLOYMENT_TARGET = 15.4;
				MARKETING_VERSION = 1.0;
				PRODUCT_BUNDLE_IDENTIFIER = com.Naufalp5Tests;
				PRODUCT_NAME = "$(TARGET_NAME)";
				SDKROOT = auto;
				SUPPORTED_PLATFORMS = "iphoneos iphonesimulator macosx xros xrsimulator";
				SWIFT_EMIT_LOC_STRINGS = NO;
				SWIFT_VERSION = 5.0;
				TARGETED_DEVICE_FAMILY = "1,2,7";
				TEST_HOST = "$(BUILT_PRODUCTS_DIR)/Naufalp5.app/$(BUNDLE_EXECUTABLE_FOLDER_PATH)/Naufalp5";
				XROS_DEPLOYMENT_TARGET = 2.4;
			};
			name = Release;
		};
		DB6883382DB66BB30054F00E /* Debug */ = {
			isa = XCBuildConfiguration;
			buildSettings = {
				CODE_SIGN_STYLE = Automatic;
				CURRENT_PROJECT_VERSION = 1;
				GENERATE_INFOPLIST_FILE = YES;
				IPHONEOS_DEPLOYMENT_TARGET = 18.4;
				MACOSX_DEPLOYMENT_TARGET = 15.4;
				MARKETING_VERSION = 1.0;
				PRODUCT_BUNDLE_IDENTIFIER = com.Naufalp5UITests;
				PRODUCT_NAME = "$(TARGET_NAME)";
				SDKROOT = auto;
				SUPPORTED_PLATFORMS = "iphoneos iphonesimulator macosx xros xrsimulator";
				SWIFT_EMIT_LOC_STRINGS = NO;
				SWIFT_VERSION = 5.0;
				TARGETED_DEVICE_FAMILY = "1,2,7";
				TEST_TARGET_NAME = Naufalp5;
				XROS_DEPLOYMENT_TARGET = 2.4;
			};
			name = Debug;
		};
		DB6883392DB66BB30054F00E /* Release */ = {
			isa = XCBuildConfiguration;
			buildSettings = {
				CODE_SIGN_STYLE = Automatic;
				CURRENT_PROJECT_VERSION = 1;
				GENERATE_INFOPLIST_FILE = YES;
				IPHONEOS_DEPLOYMENT_TARGET = 18.4;
				MACOSX_DEPLOYMENT_TARGET = 15.4;
				MARKETING_VERSION = 1.0;
				PRODUCT_BUNDLE_IDENTIFIER = com.Naufalp5UITests;
				PRODUCT_NAME = "$(TARGET_NAME)";
				SDKROOT = auto;
				SUPPORTED_PLATFORMS = "iphoneos iphonesimulator macosx xros xrsimulator";
				SWIFT_EMIT_LOC_STRINGS = NO;
				SWIFT_VERSION = 5.0;
				TARGETED_DEVICE_FAMILY = "1,2,7";
				TEST_TARGET_NAME = Naufalp5;
				XROS_DEPLOYMENT_TARGET = 2.4;
			};
			name = Release;
		};
/* End XCBuildConfiguration section */

/* Begin XCConfigurationList section */
		DB68830A2DB66BB00054F00E /* Build configuration list for PBXProject "Naufalp5" */ = {
			isa = XCConfigurationList;
			buildConfigurations = (
				DB68832F2DB66BB30054F00E /* Debug */,
				DB6883302DB66BB30054F00E /* Release */,
			);
			defaultConfigurationIsVisible = 0;
			defaultConfigurationName = Release;
		};
		DB6883312DB66BB30054F00E /* Build configuration list for PBXNativeTarget "Naufalp5" */ = {
			isa = XCConfigurationList;
			buildConfigurations = (
				DB6883322DB66BB30054F00E /* Debug */,
				DB6883332DB66BB30054F00E /* Release */,
			);
			defaultConfigurationIsVisible = 0;
			defaultConfigurationName = Release;
		};
		DB6883342DB66BB30054F00E /* Build configuration list for PBXNativeTarget "Naufalp5Tests" */ = {
			isa = XCConfigurationList;
			buildConfigurations = (
				DB6883352DB66BB30054F00E /* Debug */,
				DB6883362DB66BB30054F00E /* Release */,
			);
			defaultConfigurationIsVisible = 0;
			defaultConfigurationName = Release;
		};
		DB6883372DB66BB30054F00E /* Build configuration list for PBXNativeTarget "Naufalp5UITests" */ = {
			isa = XCConfigurationList;
			buildConfigurations = (
				DB6883382DB66BB30054F00E /* Debug */,
				DB6883392DB66BB30054F00E /* Release */,
			);
			defaultConfigurationIsVisible = 0;
			defaultConfigurationName = Release;
		};
/* End XCConfigurationList section */

/* Begin XCLocalSwiftPackageReference section */
		DB6883752DB7182F0054F00E /* XCLocalSwiftPackageReference "../../../../Downloads/ios-maps-sdk-main" */ = {
			isa = XCLocalSwiftPackageReference;
			relativePath = "../../../../Downloads/ios-maps-sdk-main";
		};
/* End XCLocalSwiftPackageReference section */

/* Begin XCSwiftPackageProductDependency section */
		DB6884172DB724450054F00E /* GoogleMaps */ = {
			isa = XCSwiftPackageProductDependency;
			productName = GoogleMaps;
		};
/* End XCSwiftPackageProductDependency section */
	};
	rootObject = DB6883072DB66BB00054F00E /* Project object */;
}
